
Microsoft Visual Studio Solution File, Format Version 12.00
# Visual Studio Version 16
VisualStudioVersion = 16.0.31729.503
MinimumVisualStudioVersion = 10.0.40219.1
Project("{FAE04EC0-301F-11D3-BF4B-00C04F79EFBC}") = "Challenge1.POCO", "Challenge1.POCO\Challenge1.POCO.csproj", "{09338628-C275-4CFE-818F-10FFB783658A}"
EndProject
Project("{FAE04EC0-301F-11D3-BF4B-00C04F79EFBC}") = "Challenge1.REPO", "Challenge1.REPO\Challenge1.REPO.csproj", "{44C9D9EA-358E-4CA8-A333-6CDE68A52E9D}"
EndProject
Project("{FAE04EC0-301F-11D3-BF4B-00C04F79EFBC}") = "Challenge1.UT", "Challenge1.UT\Challenge1.UT.csproj", "{4B3BDC4B-9E24-457D-85C2-F535F4022546}"
EndProject
Project("{FAE04EC0-301F-11D3-BF4B-00C04F79EFBC}") = "FinalProject.UI", "FinalProject.UI\FinalProject.UI.csproj", "{F8CA44E8-4803-4E66-84CC-E3A943BC03E9}"
EndProject
Project("{2150E333-8FDC-42A3-9474-1A3956D46DE8}") = "Cafe", "Cafe", "{D5A528A8-8D38-4F2D-B18B-FC759099B9F0}"
EndProject
Project("{FAE04EC0-301F-11D3-BF4B-00C04F79EFBC}") = "ChallengeTwo_UI", "ChallengeTwo_UI\ChallengeTwo_UI.csproj", "{A8436B1F-92A3-43F0-95B6-47DB85C08C85}"
EndProject
Project("{2150E333-8FDC-42A3-9474-1A3956D46DE8}") = "Claims", "Claims", "{FAA79734-93A1-4F78-B0E5-AA838DEE8771}"
EndProject
Project("{FAE04EC0-301F-11D3-BF4B-00C04F79EFBC}") = "Challenge2_Poco", "Challenge2_Poco\Challenge2_Poco.csproj", "{568DF836-E92B-479B-B033-FD7C78F0B422}"
EndProject
Project("{FAE04EC0-301F-11D3-BF4B-00C04F79EFBC}") = "ChallengeTwo_Repo", "ChallengeTwo_Repo\ChallengeTwo_Repo.csproj", "{A29AB9A6-EACD-4354-88D0-137407440ABF}"
EndProject
Project("{2150E333-8FDC-42A3-9474-1A3956D46DE8}") = "Badges", "Badges", "{F62AEB87-B2A1-4368-AC50-1245B2940B43}"
EndProject
Project("{FAE04EC0-301F-11D3-BF4B-00C04F79EFBC}") = "Badges.UI", "Badges\Badges.UI.csproj", "{0695FB9E-4098-4D92-A418-5539E01AB0B2}"
EndProject
Project("{FAE04EC0-301F-11D3-BF4B-00C04F79EFBC}") = "Badges.POCO", "Badges.POCO\Badges.POCO.csproj", "{686FF0C1-2652-456F-A097-30F37FA059D7}"
EndProject
Project("{FAE04EC0-301F-11D3-BF4B-00C04F79EFBC}") = "Badges.REPO", "Badges.REPO\Badges.REPO.csproj", "{F13BD950-FAB2-4565-A019-A3D2429431E6}"
EndProject
Global
	GlobalSection(SolutionConfigurationPlatforms) = preSolution
		Debug|Any CPU = Debug|Any CPU
		Release|Any CPU = Release|Any CPU
	EndGlobalSection
	GlobalSection(ProjectConfigurationPlatforms) = postSolution
		{09338628-C275-4CFE-818F-10FFB783658A}.Debug|Any CPU.ActiveCfg = Debug|Any CPU
		{09338628-C275-4CFE-818F-10FFB783658A}.Debug|Any CPU.Build.0 = Debug|Any CPU
		{09338628-C275-4CFE-818F-10FFB783658A}.Release|Any CPU.ActiveCfg = Release|Any CPU
		{09338628-C275-4CFE-818F-10FFB783658A}.Release|Any CPU.Build.0 = Release|Any CPU
		{44C9D9EA-358E-4CA8-A333-6CDE68A52E9D}.Debug|Any CPU.ActiveCfg = Debug|Any CPU
		{44C9D9EA-358E-4CA8-A333-6CDE68A52E9D}.Debug|Any CPU.Build.0 = Debug|Any CPU
		{44C9D9EA-358E-4CA8-A333-6CDE68A52E9D}.Release|Any CPU.ActiveCfg = Release|Any CPU
		{44C9D9EA-358E-4CA8-A333-6CDE68A52E9D}.Release|Any CPU.Build.0 = Release|Any CPU
		{4B3BDC4B-9E24-457D-85C2-F535F4022546}.Debug|Any CPU.ActiveCfg = Debug|Any CPU
		{4B3BDC4B-9E24-457D-85C2-F535F4022546}.Debug|Any CPU.Build.0 = Debug|Any CPU
		{4B3BDC4B-9E24-457D-85C2-F535F4022546}.Release|Any CPU.ActiveCfg = Release|Any CPU
		{4B3BDC4B-9E24-457D-85C2-F535F4022546}.Release|Any CPU.Build.0 = Release|Any CPU
		{F8CA44E8-4803-4E66-84CC-E3A943BC03E9}.Debug|Any CPU.ActiveCfg = Debug|Any CPU
		{F8CA44E8-4803-4E66-84CC-E3A943BC03E9}.Debug|Any CPU.Build.0 = Debug|Any CPU
		{F8CA44E8-4803-4E66-84CC-E3A943BC03E9}.Release|Any CPU.ActiveCfg = Release|Any CPU
		{F8CA44E8-4803-4E66-84CC-E3A943BC03E9}.Release|Any CPU.Build.0 = Release|Any CPU
		{A8436B1F-92A3-43F0-95B6-47DB85C08C85}.Debug|Any CPU.ActiveCfg = Debug|Any CPU
		{A8436B1F-92A3-43F0-95B6-47DB85C08C85}.Debug|Any CPU.Build.0 = Debug|Any CPU
		{A8436B1F-92A3-43F0-95B6-47DB85C08C85}.Release|Any CPU.ActiveCfg = Release|Any CPU
		{A8436B1F-92A3-43F0-95B6-47DB85C08C85}.Release|Any CPU.Build.0 = Release|Any CPU
		{568DF836-E92B-479B-B033-FD7C78F0B422}.Debug|Any CPU.ActiveCfg = Debug|Any CPU
		{568DF836-E92B-479B-B033-FD7C78F0B422}.Debug|Any CPU.Build.0 = Debug|Any CPU
		{568DF836-E92B-479B-B033-FD7C78F0B422}.Release|Any CPU.ActiveCfg = Release|Any CPU
		{568DF836-E92B-479B-B033-FD7C78F0B422}.Release|Any CPU.Build.0 = Release|Any CPU
		{A29AB9A6-EACD-4354-88D0-137407440ABF}.Debug|Any CPU.ActiveCfg = Debug|Any CPU
		{A29AB9A6-EACD-4354-88D0-137407440ABF}.Debug|Any CPU.Build.0 = Debug|Any CPU
		{A29AB9A6-EACD-4354-88D0-137407440ABF}.Release|Any CPU.ActiveCfg = Release|Any CPU
		{A29AB9A6-EACD-4354-88D0-137407440ABF}.Release|Any CPU.Build.0 = Release|Any CPU
		{0695FB9E-4098-4D92-A418-5539E01AB0B2}.Debug|Any CPU.ActiveCfg = Debug|Any CPU
		{0695FB9E-4098-4D92-A418-5539E01AB0B2}.Debug|Any CPU.Build.0 = Debug|Any CPU
		{0695FB9E-4098-4D92-A418-5539E01AB0B2}.Release|Any CPU.ActiveCfg = Release|Any CPU
		{0695FB9E-4098-4D92-A418-5539E01AB0B2}.Release|Any CPU.Build.0 = Release|Any CPU
		{686FF0C1-2652-456F-A097-30F37FA059D7}.Debug|Any CPU.ActiveCfg = Debug|Any CPU
		{686FF0C1-2652-456F-A097-30F37FA059D7}.Debug|Any CPU.Build.0 = Debug|Any CPU
		{686FF0C1-2652-456F-A097-30F37FA059D7}.Release|Any CPU.ActiveCfg = Release|Any CPU
		{686FF0C1-2652-456F-A097-30F37FA059D7}.Release|Any CPU.Build.0 = Release|Any CPU
		{F13BD950-FAB2-4565-A019-A3D2429431E6}.Debug|Any CPU.ActiveCfg = Debug|Any CPU
		{F13BD950-FAB2-4565-A019-A3D2429431E6}.Debug|Any CPU.Build.0 = Debug|Any CPU
		{F13BD950-FAB2-4565-A019-A3D2429431E6}.Release|Any CPU.ActiveCfg = Release|Any CPU
		{F13BD950-FAB2-4565-A019-A3D2429431E6}.Release|Any CPU.Build.0 = Release|Any CPU
	EndGlobalSection
	GlobalSection(SolutionProperties) = preSolution
		HideSolutionNode = FALSE
	EndGlobalSection
	GlobalSection(NestedProjects) = preSolution
		{09338628-C275-4CFE-818F-10FFB783658A} = {D5A528A8-8D38-4F2D-B18B-FC759099B9F0}
		{44C9D9EA-358E-4CA8-A333-6CDE68A52E9D} = {D5A528A8-8D38-4F2D-B18B-FC759099B9F0}
		{4B3BDC4B-9E24-457D-85C2-F535F4022546} = {D5A528A8-8D38-4F2D-B18B-FC759099B9F0}
		{F8CA44E8-4803-4E66-84CC-E3A943BC03E9} = {D5A528A8-8D38-4F2D-B18B-FC759099B9F0}
		{A8436B1F-92A3-43F0-95B6-47DB85C08C85} = {FAA79734-93A1-4F78-B0E5-AA838DEE8771}
		{568DF836-E92B-479B-B033-FD7C78F0B422} = {FAA79734-93A1-4F78-B0E5-AA838DEE8771}
		{A29AB9A6-EACD-4354-88D0-137407440ABF} = {FAA79734-93A1-4F78-B0E5-AA838DEE8771}
		{0695FB9E-4098-4D92-A418-5539E01AB0B2} = {F62AEB87-B2A1-4368-AC50-1245B2940B43}
		{686FF0C1-2652-456F-A097-30F37FA059D7} = {F62AEB87-B2A1-4368-AC50-1245B2940B43}
		{F13BD950-FAB2-4565-A019-A3D2429431E6} = {F62AEB87-B2A1-4368-AC50-1245B2940B43}
	EndGlobalSection
	GlobalSection(ExtensibilityGlobals) = postSolution
		SolutionGuid = {2F5A66AB-474A-45E2-89A5-9E4E351E0EAB}
	EndGlobalSection
EndGlobal
